
Microsoft Visual Studio Solution File, Format Version 12.00
# Visual Studio Version 16
VisualStudioVersion = 16.0.30011.22
MinimumVisualStudioVersion = 10.0.40219.1
Project("{9A19103F-16F7-4668-BE54-9A1E7A4F7556}") = "EnderCode.osu!backupAndRestore", "osu!backupAndRestore\EnderCode.osu!backupAndRestore.csproj", "{C3F9FA01-D172-4F51-9804-52735796AE5A}"
EndProject
Project("{9A19103F-16F7-4668-BE54-9A1E7A4F7556}") = "EnderCode.Utils", "Utils\EnderCode.Utils.csproj", "{0DB758F4-D15E-4F6D-8B91-EE9482B7BFE3}"
EndProject
Global
	GlobalSection(SolutionConfigurationPlatforms) = preSolution
		Debug|Any CPU = Debug|Any CPU
		Release|Any CPU = Release|Any CPU
	EndGlobalSection
	GlobalSection(ProjectConfigurationPlatforms) = postSolution
		{C3F9FA01-D172-4F51-9804-52735796AE5A}.Debug|Any CPU.ActiveCfg = Debug|Any CPU
		{C3F9FA01-D172-4F51-9804-52735796AE5A}.Debug|Any CPU.Build.0 = Debug|Any CPU
		{C3F9FA01-D172-4F51-9804-52735796AE5A}.Release|Any CPU.ActiveCfg = Release|Any CPU
		{C3F9FA01-D172-4F51-9804-52735796AE5A}.Release|Any CPU.Build.0 = Release|Any CPU
		{0DB758F4-D15E-4F6D-8B91-EE9482B7BFE3}.Debug|Any CPU.ActiveCfg = Debug|Any CPU
		{0DB758F4-D15E-4F6D-8B91-EE9482B7BFE3}.Debug|Any CPU.Build.0 = Debug|Any CPU
		{0DB758F4-D15E-4F6D-8B91-EE9482B7BFE3}.Release|Any CPU.ActiveCfg = Release|Any CPU
		{0DB758F4-D15E-4F6D-8B91-EE9482B7BFE3}.Release|Any CPU.Build.0 = Release|Any CPU
	EndGlobalSection
	GlobalSection(SolutionProperties) = preSolution
		HideSolutionNode = FALSE
	EndGlobalSection
	GlobalSection(ExtensibilityGlobals) = postSolution
		SolutionGuid = {DE6038BB-83EB-40BB-9F46-E5919DA2C4D6}
	EndGlobalSection
EndGlobal
